
Microsoft Visual Studio Solution File, Format Version 12.00
Project("{FAE04EC0-301F-11D3-BF4B-00C04F79EFBC}") = "Client", "Client\Client.csproj", "{5299D15A-E4B0-4BC5-B1D3-4833AC9A86FB}"
EndProject
Global
	GlobalSection(SolutionConfigurationPlatforms) = preSolution
		Debug|Any CPU = Debug|Any CPU
		Release|Any CPU = Release|Any CPU
	EndGlobalSection
	GlobalSection(ProjectConfigurationPlatforms) = postSolution
		{5299D15A-E4B0-4BC5-B1D3-4833AC9A86FB}.Debug|Any CPU.ActiveCfg = Debug|Any CPU
		{5299D15A-E4B0-4BC5-B1D3-4833AC9A86FB}.Debug|Any CPU.Build.0 = Debug|Any CPU
		{5299D15A-E4B0-4BC5-B1D3-4833AC9A86FB}.Release|Any CPU.ActiveCfg = Release|Any CPU
		{5299D15A-E4B0-4BC5-B1D3-4833AC9A86FB}.Release|Any CPU.Build.0 = Release|Any CPU
	EndGlobalSection
EndGlobal
